// !$*UTF8*$!
{
	archiveVersion = 1;
	classes = {
	};
	objectVersion = 50;
	objects = {

/* Begin PBXBuildFile section */
		98D5A638266502410030D568 /* AppDelegate.swift in Sources */ = {isa = PBXBuildFile; fileRef = 98D5A637266502410030D568 /* AppDelegate.swift */; };
		98D5A63A266502410030D568 /* SceneDelegate.swift in Sources */ = {isa = PBXBuildFile; fileRef = 98D5A639266502410030D568 /* SceneDelegate.swift */; };
		98D5A63C266502410030D568 /* ViewController.swift in Sources */ = {isa = PBXBuildFile; fileRef = 98D5A63B266502410030D568 /* ViewController.swift */; };
		98D5A63F266502410030D568 /* Main.storyboard in Resources */ = {isa = PBXBuildFile; fileRef = 98D5A63D266502410030D568 /* Main.storyboard */; };
		98D5A641266502420030D568 /* Assets.xcassets in Resources */ = {isa = PBXBuildFile; fileRef = 98D5A640266502420030D568 /* Assets.xcassets */; };
		98D5A644266502420030D568 /* LaunchScreen.storyboard in Resources */ = {isa = PBXBuildFile; fileRef = 98D5A642266502420030D568 /* LaunchScreen.storyboard */; };
		98D5A66B2665025A0030D568 /* MetalView.swift in Sources */ = {isa = PBXBuildFile; fileRef = 98D5A66A2665025A0030D568 /* MetalView.swift */; };
		98D5A670266607990030D568 /* MetalShader.metal in Sources */ = {isa = PBXBuildFile; fileRef = 98D5A66F266607990030D568 /* MetalShader.metal */; };
/* End PBXBuildFile section */

/* Begin PBXFileReference section */
		98D5A634266502410030D568 /* MetalView.app */ = {isa = PBXFileReference; explicitFileType = wrapper.application; includeInIndex = 0; path = MetalView.app; sourceTree = BUILT_PRODUCTS_DIR; };
		98D5A637266502410030D568 /* AppDelegate.swift */ = {isa = PBXFileReference; lastKnownFileType = sourcecode.swift; path = AppDelegate.swift; sourceTree = "<group>"; };
		98D5A639266502410030D568 /* SceneDelegate.swift */ = {isa = PBXFileReference; lastKnownFileType = sourcecode.swift; path = SceneDelegate.swift; sourceTree = "<group>"; };
		98D5A63B266502410030D568 /* ViewController.swift */ = {isa = PBXFileReference; lastKnownFileType = sourcecode.swift; path = ViewController.swift; sourceTree = "<group>"; };
		98D5A63E266502410030D568 /* Base */ = {isa = PBXFileReference; lastKnownFileType = file.storyboard; name = Base; path = Base.lproj/Main.storyboard; sourceTree = "<group>"; };
		98D5A640266502420030D568 /* Assets.xcassets */ = {isa = PBXFileReference; lastKnownFileType = folder.assetcatalog; path = Assets.xcassets; sourceTree = "<group>"; };
		98D5A643266502420030D568 /* Base */ = {isa = PBXFileReference; lastKnownFileType = file.storyboard; name = Base; path = Base.lproj/LaunchScreen.storyboard; sourceTree = "<group>"; };
		98D5A645266502420030D568 /* Info.plist */ = {isa = PBXFileReference; lastKnownFileType = text.plist.xml; path = Info.plist; sourceTree = "<group>"; };
		98D5A66A2665025A0030D568 /* MetalView.swift */ = {isa = PBXFileReference; lastKnownFileType = sourcecode.swift; path = MetalView.swift; sourceTree = "<group>"; };
		98D5A66F266607990030D568 /* MetalShader.metal */ = {isa = PBXFileReference; lastKnownFileType = sourcecode.metal; path = MetalShader.metal; sourceTree = "<group>"; };
/* End PBXFileReference section */

/* Begin PBXFrameworksBuildPhase section */
		98D5A631266502410030D568 /* Frameworks */ = {
			isa = PBXFrameworksBuildPhase;
			buildActionMask = 2147483647;
			files = (
			);
			runOnlyForDeploymentPostprocessing = 0;
		};
/* End PBXFrameworksBuildPhase section */

/* Begin PBXGroup section */
		98D5A62B266502410030D568 = {
			isa = PBXGroup;
			children = (
				98D5A67D26661AB90030D568 /* WindowFile */,
				98D5A636266502410030D568 /* MetalView */,
				98D5A635266502410030D568 /* Products */,
			);
			sourceTree = "<group>";
		};
		98D5A635266502410030D568 /* Products */ = {
			isa = PBXGroup;
			children = (
				98D5A634266502410030D568 /* MetalView.app */,
			);
			name = Products;
			sourceTree = "<group>";
		};
		98D5A636266502410030D568 /* MetalView */ = {
			isa = PBXGroup;
			children = (
				98D5A63D266502410030D568 /* Main.storyboard */,
				98D5A66A2665025A0030D568 /* MetalView.swift */,
				98D5A66F266607990030D568 /* MetalShader.metal */,
			);
			path = MetalView;
			sourceTree = "<group>";
		};
		98D5A67D26661AB90030D568 /* WindowFile */ = {
			isa = PBXGroup;
			children = (
				98D5A637266502410030D568 /* AppDelegate.swift */,
				98D5A639266502410030D568 /* SceneDelegate.swift */,
				98D5A63B266502410030D568 /* ViewController.swift */,
				98D5A640266502420030D568 /* Assets.xcassets */,
				98D5A642266502420030D568 /* LaunchScreen.storyboard */,
				98D5A645266502420030D568 /* Info.plist */,
			);
			path = WindowFile;
			sourceTree = "<group>";
		};
/* End PBXGroup section */

/* Begin PBXNativeTarget section */
		98D5A633266502410030D568 /* MetalView */ = {
			isa = PBXNativeTarget;
			buildConfigurationList = 98D5A65E266502420030D568 /* Build configuration list for PBXNativeTarget "MetalView" */;
			buildPhases = (
				98D5A630266502410030D568 /* Sources */,
				98D5A631266502410030D568 /* Frameworks */,
				98D5A632266502410030D568 /* Resources */,
			);
			buildRules = (
			);
			dependencies = (
			);
			name = MetalView;
			productName = MetalView;
			productReference = 98D5A634266502410030D568 /* MetalView.app */;
			productType = "com.apple.product-type.application";
		};
/* End PBXNativeTarget section */

/* Begin PBXProject section */
		98D5A62C266502410030D568 /* Project object */ = {
			isa = PBXProject;
			attributes = {
				LastSwiftUpdateCheck = 1230;
				LastUpgradeCheck = 1230;
				TargetAttributes = {
					98D5A633266502410030D568 = {
						CreatedOnToolsVersion = 12.3;
					};
				};
			};
			buildConfigurationList = 98D5A62F266502410030D568 /* Build configuration list for PBXProject "MetalView" */;
			compatibilityVersion = "Xcode 9.3";
			developmentRegion = en;
			hasScannedForEncodings = 0;
			knownRegions = (
				en,
				Base,
			);
			mainGroup = 98D5A62B266502410030D568;
			productRefGroup = 98D5A635266502410030D568 /* Products */;
			projectDirPath = "";
			projectRoot = "";
			targets = (
				98D5A633266502410030D568 /* MetalView */,
			);
		};
/* End PBXProject section */

/* Begin PBXResourcesBuildPhase section */
		98D5A632266502410030D568 /* Resources */ = {
			isa = PBXResourcesBuildPhase;
			buildActionMask = 2147483647;
			files = (
				98D5A644266502420030D568 /* LaunchScreen.storyboard in Resources */,
				98D5A641266502420030D568 /* Assets.xcassets in Resources */,
				98D5A63F266502410030D568 /* Main.storyboard in Resources */,
			);
			runOnlyForDeploymentPostprocessing = 0;
		};
/* End PBXResourcesBuildPhase section */

/* Begin PBXSourcesBuildPhase section */
		98D5A630266502410030D568 /* Sources */ = {
			isa = PBXSourcesBuildPhase;
			buildActionMask = 2147483647;
			files = (
				98D5A66B2665025A0030D568 /* MetalView.swift in Sources */,
				98D5A63C266502410030D568 /* ViewController.swift in Sources */,
				98D5A670266607990030D568 /* MetalShader.metal in Sources */,
				98D5A638266502410030D568 /* AppDelegate.swift in Sources */,
				98D5A63A266502410030D568 /* SceneDelegate.swift in Sources */,
			);
			runOnlyForDeploymentPostprocessing = 0;
		};
/* End PBXSourcesBuildPhase section */

/* Begin PBXVariantGroup section */
		98D5A63D266502410030D568 /* Main.storyboard */ = {
			isa = PBXVariantGroup;
			children = (
				98D5A63E266502410030D568 /* Base */,
			);
			name = Main.storyboard;
			sourceTree = "<group>";
		};
		98D5A642266502420030D568 /* LaunchScreen.storyboard */ = {
			isa = PBXVariantGroup;
			children = (
				98D5A643266502420030D568 /* Base */,
			);
			name = LaunchScreen.storyboard;
			sourceTree = "<group>";
		};
/* End PBXVariantGroup section */

/* Begin XCBuildConfiguration section */
		98D5A65C266502420030D568 /* Debug */ = {
			isa = XCBuildConfiguration;
			buildSettings = {
				ALWAYS_SEARCH_USER_PATHS = NO;
				CLANG_ANALYZER_NONNULL = YES;
				CLANG_ANALYZER_NUMBER_OBJECT_CONVERSION = YES_AGGRESSIVE;
				CLANG_CXX_LANGUAGE_STANDARD = "gnu++14";
				CLANG_CXX_LIBRARY = "libc++";
				CLANG_ENABLE_MODULES = YES;
				CLANG_ENABLE_OBJC_ARC = YES;
				CLANG_ENABLE_OBJC_WEAK = YES;
				CLANG_WARN_BLOCK_CAPTURE_AUTORELEASING = YES;
				CLANG_WARN_BOOL_CONVERSION = YES;
				CLANG_WARN_COMMA = YES;
				CLANG_WARN_CONSTANT_CONVERSION = YES;
				CLANG_WARN_DEPRECATED_OBJC_IMPLEMENTATIONS = YES;
				CLANG_WARN_DIRECT_OBJC_ISA_USAGE = YES_ERROR;
				CLANG_WARN_DOCUMENTATION_COMMENTS = YES;
				CLANG_WARN_EMPTY_BODY = YES;
				CLANG_WARN_ENUM_CONVERSION = YES;
				CLANG_WARN_INFINITE_RECURSION = YES;
				CLANG_WARN_INT_CONVERSION = YES;
				CLANG_WARN_NON_LITERAL_NULL_CONVERSION = YES;
				CLANG_WARN_OBJC_IMPLICIT_RETAIN_SELF = YES;
				CLANG_WARN_OBJC_LITERAL_CONVERSION = YES;
				CLANG_WARN_OBJC_ROOT_CLASS = YES_ERROR;
				CLANG_WARN_QUOTED_INCLUDE_IN_FRAMEWORK_HEADER = YES;
				CLANG_WARN_RANGE_LOOP_ANALYSIS = YES;
				CLANG_WARN_STRICT_PROTOTYPES = YES;
				CLANG_WARN_SUSPICIOUS_MOVE = YES;
				CLANG_WARN_UNGUARDED_AVAILABILITY = YES_AGGRESSIVE;
				CLANG_WARN_UNREACHABLE_CODE = YES;
				CLANG_WARN__DUPLICATE_METHOD_MATCH = YES;
				COPY_PHASE_STRIP = NO;
				DEBUG_INFORMATION_FORMAT = dwarf;
				ENABLE_STRICT_OBJC_MSGSEND = YES;
				ENABLE_TESTABILITY = YES;
				GCC_C_LANGUAGE_STANDARD = gnu11;
				GCC_DYNAMIC_NO_PIC = NO;
				GCC_NO_COMMON_BLOCKS = YES;
				GCC_OPTIMIZATION_LEVEL = 0;
				GCC_PREPROCESSOR_DEFINITIONS = (
					"DEBUG=1",
					"$(inherited)",
				);
				GCC_WARN_64_TO_32_BIT_CONVERSION = YES;
				GCC_WARN_ABOUT_RETURN_TYPE = YES_ERROR;
				GCC_WARN_UNDECLARED_SELECTOR = YES;
				GCC_WARN_UNINITIALIZED_AUTOS = YES_AGGRESSIVE;
				GCC_WARN_UNUSED_FUNCTION = YES;
				GCC_WARN_UNUSED_VARIABLE = YES;
				IPHONEOS_DEPLOYMENT_TARGET = 14.2;
				MTL_ENABLE_DEBUG_INFO = INCLUDE_SOURCE;
				MTL_FAST_MATH = YES;
				ONLY_ACTIVE_ARCH = YES;
				SDKROOT = iphoneos;
				SWIFT_ACTIVE_COMPILATION_CONDITIONS = DEBUG;
				SWIFT_OPTIMIZATION_LEVEL = "-Onone";
			};
			name = Debug;
		};
		98D5A65D266502420030D568 /* Release */ = {
			isa = XCBuildConfiguration;
			buildSettings = {
				ALWAYS_SEARCH_USER_PATHS = NO;
				CLANG_ANALYZER_NONNULL = YES;
				CLANG_ANALYZER_NUMBER_OBJECT_CONVERSION = YES_AGGRESSIVE;
				CLANG_CXX_LANGUAGE_STANDARD = "gnu++14";
				CLANG_CXX_LIBRARY = "libc++";
				CLANG_ENABLE_MODULES = YES;
				CLANG_ENABLE_OBJC_ARC = YES;
				CLANG_ENABLE_OBJC_WEAK = YES;
				CLANG_WARN_BLOCK_CAPTURE_AUTORELEASING = YES;
				CLANG_WARN_BOOL_CONVERSION = YES;
				CLANG_WARN_COMMA = YES;
				CLANG_WARN_CONSTANT_CONVERSION = YES;
				CLANG_WARN_DEPRECATED_OBJC_IMPLEMENTATIONS = YES;
				CLANG_WARN_DIRECT_OBJC_ISA_USAGE = YES_ERROR;
				CLANG_WARN_DOCUMENTATION_COMMENTS = YES;
				CLANG_WARN_EMPTY_BODY = YES;
				CLANG_WARN_ENUM_CONVERSION = YES;
				CLANG_WARN_INFINITE_RECURSION = YES;
				CLANG_WARN_INT_CONVERSION = YES;
				CLANG_WARN_NON_LITERAL_NULL_CONVERSION = YES;
				CLANG_WARN_OBJC_IMPLICIT_RETAIN_SELF = YES;
				CLANG_WARN_OBJC_LITERAL_CONVERSION = YES;
				CLANG_WARN_OBJC_ROOT_CLASS = YES_ERROR;
				CLANG_WARN_QUOTED_INCLUDE_IN_FRAMEWORK_HEADER = YES;
				CLANG_WARN_RANGE_LOOP_ANALYSIS = YES;
				CLANG_WARN_STRICT_PROTOTYPES = YES;
				CLANG_WARN_SUSPICIOUS_MOVE = YES;
				CLANG_WARN_UNGUARDED_AVAILABILITY = YES_AGGRESSIVE;
				CLANG_WARN_UNREACHABLE_CODE = YES;
				CLANG_WARN__DUPLICATE_METHOD_MATCH = YES;
				COPY_PHASE_STRIP = NO;
				DEBUG_INFORMATION_FORMAT = "dwarf-with-dsym";
				ENABLE_NS_ASSERTIONS = NO;
				ENABLE_STRICT_OBJC_MSGSEND = YES;
				GCC_C_LANGUAGE_STANDARD = gnu11;
				GCC_NO_COMMON_BLOCKS = YES;
				GCC_WARN_64_TO_32_BIT_CONVERSION = YES;
				GCC_WARN_ABOUT_RETURN_TYPE = YES_ERROR;
				GCC_WARN_UNDECLARED_SELECTOR = YES;
				GCC_WARN_UNINITIALIZED_AUTOS = YES_AGGRESSIVE;
				GCC_WARN_UNUSED_FUNCTION = YES;
				GCC_WARN_UNUSED_VARIABLE = YES;
				IPHONEOS_DEPLOYMENT_TARGET = 14.2;
				MTL_ENABLE_DEBUG_INFO = NO;
				MTL_FAST_MATH = YES;
				SDKROOT = iphoneos;
				SWIFT_COMPILATION_MODE = wholemodule;
				SWIFT_OPTIMIZATION_LEVEL = "-O";
				VALIDATE_PRODUCT = YES;
			};
			name = Release;
		};
		98D5A65F266502420030D568 /* Debug */ = {
			isa = XCBuildConfiguration;
			buildSettings = {
				ASSETCATALOG_COMPILER_APPICON_NAME = AppIcon;
				ASSETCATALOG_COMPILER_GLOBAL_ACCENT_COLOR_NAME = AccentColor;
				CODE_SIGN_STYLE = Automatic;
				DEVELOPMENT_TEAM = X65U9UG4TG;
				INFOPLIST_FILE = WindowFile/Info.plist;
				IPHONEOS_DEPLOYMENT_TARGET = 13.6;
				LD_RUNPATH_SEARCH_PATHS = (
					"$(inherited)",
					"@executable_path/Frameworks",
				);
				PRODUCT_BUNDLE_IDENTIFIER = com.MetalView;
				PRODUCT_NAME = "$(TARGET_NAME)";
				SWIFT_VERSION = 5.0;
				TARGETED_DEVICE_FAMILY = "1,2";
			};
			name = Debug;
		};
		98D5A660266502420030D568 /* Release */ = {
			isa = XCBuildConfiguration;
			buildSettings = {
				ASSETCATALOG_COMPILER_APPICON_NAME = AppIcon;
				ASSETCATALOG_COMPILER_GLOBAL_ACCENT_COLOR_NAME = AccentColor;
				CODE_SIGN_STYLE = Automatic;
				DEVELOPMENT_TEAM = X65U9UG4TG;
				INFOPLIST_FILE = WindowFile/Info.plist;
				IPHONEOS_DEPLOYMENT_TARGET = 13.6;
				LD_RUNPATH_SEARCH_PATHS = (
					"$(inherited)",
					"@executable_path/Frameworks",
				);
				PRODUCT_BUNDLE_IDENTIFIER = com.MetalView;
				PRODUCT_NAME = "$(TARGET_NAME)";
				SWIFT_VERSION = 5.0;
				TARGETED_DEVICE_FAMILY = "1,2";
			};
			name = Release;
		};
/* End XCBuildConfiguration section */

/* Begin XCConfigurationList section */
		98D5A62F266502410030D568 /* Build configuration list for PBXProject "MetalView" */ = {
			isa = XCConfigurationList;
			buildConfigurations = (
				98D5A65C266502420030D568 /* Debug */,
				98D5A65D266502420030D568 /* Release */,
			);
			defaultConfigurationIsVisible = 0;
			defaultConfigurationName = Release;
		};
		98D5A65E266502420030D568 /* Build configuration list for PBXNativeTarget "MetalView" */ = {
			isa = XCConfigurationList;
			buildConfigurations = (
				98D5A65F266502420030D568 /* Debug */,
				98D5A660266502420030D568 /* Release */,
			);
			defaultConfigurationIsVisible = 0;
			defaultConfigurationName = Release;
		};
/* End XCConfigurationList section */
	};
	rootObject = 98D5A62C266502410030D568 /* Project object */;
}
